<?xml version="1.0" encoding="utf-8"?>
<Project ToolsVersion="4.0" xmlns="http://schemas.microsoft.com/developer/msbuild/2003">
  <ItemGroup>
    <Filter Include="Source Files">
      <UniqueIdentifier>{a8d497b7-bb39-48b9-9896-3fc8e10f811f}</UniqueIdentifier>
      <Extensions>cpp;c;cxx;rc;def;r;odl;idl;hpj;bat</Extensions>
    </Filter>
    <Filter Include="Header Files">
      <UniqueIdentifier>{4dda24bf-4a25-4f72-b489-a4916b9620bb}</UniqueIdentifier>
      <Extensions>h;hpp;hxx;hm;inl</Extensions>
    </Filter>
    <Filter Include="Resource Files">
      <UniqueIdentifier>{4fff6d7d-5e31-4615-ac22-851b0385cf8c}</UniqueIdentifier>
      <Extensions>ico;cur;bmp;dlg;rc2;rct;bin;rgs;gif;jpg;jpeg;jpe</Extensions>
    </Filter>
  </ItemGroup>
  <ItemGroup>
    <ClCompile Include="Bin.cpp">
      <Filter>Source Files</Filter>
    </ClCompile>
    <ClCompile Include="Brick.cpp">
      <Filter>Source Files</Filter>
    </ClCompile>
    <ClCompile Include="IBrick.cpp">
      <Filter>Source Files</Filter>
    </ClCompile>
    <ClCompile Include="LBrick.cpp">
      <Filter>Source Files</Filter>
    </ClCompile>
    <ClCompile Include="LLBrick.cpp">
      <Filter>Source Files</Filter>
    </ClCompile>
    <ClCompile Include="OBrick.cpp">
      <Filter>Source Files</Filter>
    </ClCompile>
    <ClCompile Include="TBrick.cpp">
      <Filter>Source Files</Filter>
    </ClCompile>
    <ClCompile Include="Tetris.cpp">
      <Filter>Source Files</Filter>
    </ClCompile>
    <ClCompile Include="ZBrick.cpp">
      <Filter>Source Files</Filter>
    </ClCompile>
    <ClCompile Include="ZZBrick.cpp">
      <Filter>Source Files</Filter>
    </ClCompile>
  </ItemGroup>
  <ItemGroup>
    <ClInclude Include="Bin.h">
      <Filter>Header Files</Filter>
    </ClInclude>
    <ClInclude Include="Brick.h">
      <Filter>Header Files</Filter>
    </ClInclude>
    <ClInclude Include="IBrick.h">
      <Filter>Header Files</Filter>
    </ClInclude>
    <ClInclude Include="LBrick.h">
      <Filter>Header Files</Filter>
    </ClInclude>
    <ClInclude Include="LLBrick.h">
      <Filter>Header Files</Filter>
    </ClInclude>
    <ClInclude Include="OBrick.h">
      <Filter>Header Files</Filter>
    </ClInclude>
    <ClInclude Include="TBrick.h">
      <Filter>Header Files</Filter>
    </ClInclude>
    <ClInclude Include="ZBrick.h">
      <Filter>Header Files</Filter>
    </ClInclude>
    <ClInclude Include="ZZBrick.h">
      <Filter>Header Files</Filter>
    </ClInclude>
  </ItemGroup>
</Project>